// !$*UTF8*$!
{
	archiveVersion = 1;
	classes = {
	};
	objectVersion = 46;
	objects = {

/* Begin PBXBuildFile section */
		41E216D31E7E70D100F8FB10 /* AppDelegate.swift in Sources */ = {isa = PBXBuildFile; fileRef = 41E216D21E7E70D100F8FB10 /* AppDelegate.swift */; };
		41E216D51E7E70D100F8FB10 /* ViewController.swift in Sources */ = {isa = PBXBuildFile; fileRef = 41E216D41E7E70D100F8FB10 /* ViewController.swift */; };
		41E216D81E7E70D100F8FB10 /* Main.storyboard in Resources */ = {isa = PBXBuildFile; fileRef = 41E216D61E7E70D100F8FB10 /* Main.storyboard */; };
		41E216DA1E7E70D100F8FB10 /* Assets.xcassets in Resources */ = {isa = PBXBuildFile; fileRef = 41E216D91E7E70D100F8FB10 /* Assets.xcassets */; };
		41E216DD1E7E70D100F8FB10 /* LaunchScreen.storyboard in Resources */ = {isa = PBXBuildFile; fileRef = 41E216DB1E7E70D100F8FB10 /* LaunchScreen.storyboard */; };
		41E216E81E7E70D100F8FB10 /* YorumlaTests.swift in Sources */ = {isa = PBXBuildFile; fileRef = 41E216E71E7E70D100F8FB10 /* YorumlaTests.swift */; };
		41E216F31E7E70D100F8FB10 /* YorumlaUITests.swift in Sources */ = {isa = PBXBuildFile; fileRef = 41E216F21E7E70D100F8FB10 /* YorumlaUITests.swift */; };
/* End PBXBuildFile section */

/* Begin PBXContainerItemProxy section */
		41E216E41E7E70D100F8FB10 /* PBXContainerItemProxy */ = {
			isa = PBXContainerItemProxy;
			containerPortal = 41E216C71E7E70D100F8FB10 /* Project object */;
			proxyType = 1;
			remoteGlobalIDString = 41E216CE1E7E70D100F8FB10;
			remoteInfo = Yorumla;
		};
		41E216EF1E7E70D100F8FB10 /* PBXContainerItemProxy */ = {
			isa = PBXContainerItemProxy;
			containerPortal = 41E216C71E7E70D100F8FB10 /* Project object */;
			proxyType = 1;
			remoteGlobalIDString = 41E216CE1E7E70D100F8FB10;
			remoteInfo = Yorumla;
		};
/* End PBXContainerItemProxy section */

/* Begin PBXFileReference section */
		41E216CF1E7E70D100F8FB10 /* Yorumla.app */ = {isa = PBXFileReference; explicitFileType = wrapper.application; includeInIndex = 0; path = Yorumla.app; sourceTree = BUILT_PRODUCTS_DIR; };
		41E216D21E7E70D100F8FB10 /* AppDelegate.swift */ = {isa = PBXFileReference; lastKnownFileType = sourcecode.swift; path = AppDelegate.swift; sourceTree = "<group>"; };
		41E216D41E7E70D100F8FB10 /* ViewController.swift */ = {isa = PBXFileReference; lastKnownFileType = sourcecode.swift; path = ViewController.swift; sourceTree = "<group>"; };
		41E216D71E7E70D100F8FB10 /* Base */ = {isa = PBXFileReference; lastKnownFileType = file.storyboard; name = Base; path = Base.lproj/Main.storyboard; sourceTree = "<group>"; };
		41E216D91E7E70D100F8FB10 /* Assets.xcassets */ = {isa = PBXFileReference; lastKnownFileType = folder.assetcatalog; path = Assets.xcassets; sourceTree = "<group>"; };
		41E216DC1E7E70D100F8FB10 /* Base */ = {isa = PBXFileReference; lastKnownFileType = file.storyboard; name = Base; path = Base.lproj/LaunchScreen.storyboard; sourceTree = "<group>"; };
		41E216DE1E7E70D100F8FB10 /* Info.plist */ = {isa = PBXFileReference; lastKnownFileType = text.plist.xml; path = Info.plist; sourceTree = "<group>"; };
		41E216E31E7E70D100F8FB10 /* YorumlaTests.xctest */ = {isa = PBXFileReference; explicitFileType = wrapper.cfbundle; includeInIndex = 0; path = YorumlaTests.xctest; sourceTree = BUILT_PRODUCTS_DIR; };
		41E216E71E7E70D100F8FB10 /* YorumlaTests.swift */ = {isa = PBXFileReference; lastKnownFileType = sourcecode.swift; path = YorumlaTests.swift; sourceTree = "<group>"; };
		41E216E91E7E70D100F8FB10 /* Info.plist */ = {isa = PBXFileReference; lastKnownFileType = text.plist.xml; path = Info.plist; sourceTree = "<group>"; };
		41E216EE1E7E70D100F8FB10 /* YorumlaUITests.xctest */ = {isa = PBXFileReference; explicitFileType = wrapper.cfbundle; includeInIndex = 0; path = YorumlaUITests.xctest; sourceTree = BUILT_PRODUCTS_DIR; };
		41E216F21E7E70D100F8FB10 /* YorumlaUITests.swift */ = {isa = PBXFileReference; lastKnownFileType = sourcecode.swift; path = YorumlaUITests.swift; sourceTree = "<group>"; };
		41E216F41E7E70D100F8FB10 /* Info.plist */ = {isa = PBXFileReference; lastKnownFileType = text.plist.xml; path = Info.plist; sourceTree = "<group>"; };
/* End PBXFileReference section */

/* Begin PBXFrameworksBuildPhase section */
		41E216CC1E7E70D100F8FB10 /* Frameworks */ = {
			isa = PBXFrameworksBuildPhase;
			buildActionMask = 2147483647;
			files = (
			);
			runOnlyForDeploymentPostprocessing = 0;
		};
		41E216E01E7E70D100F8FB10 /* Frameworks */ = {
			isa = PBXFrameworksBuildPhase;
			buildActionMask = 2147483647;
			files = (
			);
			runOnlyForDeploymentPostprocessing = 0;
		};
		41E216EB1E7E70D100F8FB10 /* Frameworks */ = {
			isa = PBXFrameworksBuildPhase;
			buildActionMask = 2147483647;
			files = (
			);
			runOnlyForDeploymentPostprocessing = 0;
		};
/* End PBXFrameworksBuildPhase section */

/* Begin PBXGroup section */
		41E216C61E7E70D100F8FB10 = {
			isa = PBXGroup;
			children = (
				41E216D11E7E70D100F8FB10 /* Yorumla */,
				41E216E61E7E70D100F8FB10 /* YorumlaTests */,
				41E216F11E7E70D100F8FB10 /* YorumlaUITests */,
				41E216D01E7E70D100F8FB10 /* Products */,
			);
			sourceTree = "<group>";
		};
		41E216D01E7E70D100F8FB10 /* Products */ = {
			isa = PBXGroup;
			children = (
				41E216CF1E7E70D100F8FB10 /* Yorumla.app */,
				41E216E31E7E70D100F8FB10 /* YorumlaTests.xctest */,
				41E216EE1E7E70D100F8FB10 /* YorumlaUITests.xctest */,
			);
			name = Products;
			sourceTree = "<group>";
		};
		41E216D11E7E70D100F8FB10 /* Yorumla */ = {
			isa = PBXGroup;
			children = (
				41E216D21E7E70D100F8FB10 /* AppDelegate.swift */,
				41E216D41E7E70D100F8FB10 /* ViewController.swift */,
				41E216D61E7E70D100F8FB10 /* Main.storyboard */,
				41E216D91E7E70D100F8FB10 /* Assets.xcassets */,
				41E216DB1E7E70D100F8FB10 /* LaunchScreen.storyboard */,
				41E216DE1E7E70D100F8FB10 /* Info.plist */,
			);
			path = Yorumla;
			sourceTree = "<group>";
		};
		41E216E61E7E70D100F8FB10 /* YorumlaTests */ = {
			isa = PBXGroup;
			children = (
				41E216E71E7E70D100F8FB10 /* YorumlaTests.swift */,
				41E216E91E7E70D100F8FB10 /* Info.plist */,
			);
			path = YorumlaTests;
			sourceTree = "<group>";
		};
		41E216F11E7E70D100F8FB10 /* YorumlaUITests */ = {
			isa = PBXGroup;
			children = (
				41E216F21E7E70D100F8FB10 /* YorumlaUITests.swift */,
				41E216F41E7E70D100F8FB10 /* Info.plist */,
			);
			path = YorumlaUITests;
			sourceTree = "<group>";
		};
/* End PBXGroup section */

/* Begin PBXNativeTarget section */
		41E216CE1E7E70D100F8FB10 /* Yorumla */ = {
			isa = PBXNativeTarget;
			buildConfigurationList = 41E216F71E7E70D100F8FB10 /* Build configuration list for PBXNativeTarget "Yorumla" */;
			buildPhases = (
				41E216CB1E7E70D100F8FB10 /* Sources */,
				41E216CC1E7E70D100F8FB10 /* Frameworks */,
				41E216CD1E7E70D100F8FB10 /* Resources */,
			);
			buildRules = (
			);
			dependencies = (
			);
			name = Yorumla;
			productName = Yorumla;
			productReference = 41E216CF1E7E70D100F8FB10 /* Yorumla.app */;
			productType = "com.apple.product-type.application";
		};
		41E216E21E7E70D100F8FB10 /* YorumlaTests */ = {
			isa = PBXNativeTarget;
			buildConfigurationList = 41E216FA1E7E70D100F8FB10 /* Build configuration list for PBXNativeTarget "YorumlaTests" */;
			buildPhases = (
				41E216DF1E7E70D100F8FB10 /* Sources */,
				41E216E01E7E70D100F8FB10 /* Frameworks */,
				41E216E11E7E70D100F8FB10 /* Resources */,
			);
			buildRules = (
			);
			dependencies = (
				41E216E51E7E70D100F8FB10 /* PBXTargetDependency */,
			);
			name = YorumlaTests;
			productName = YorumlaTests;
			productReference = 41E216E31E7E70D100F8FB10 /* YorumlaTests.xctest */;
			productType = "com.apple.product-type.bundle.unit-test";
		};
		41E216ED1E7E70D100F8FB10 /* YorumlaUITests */ = {
			isa = PBXNativeTarget;
			buildConfigurationList = 41E216FD1E7E70D100F8FB10 /* Build configuration list for PBXNativeTarget "YorumlaUITests" */;
			buildPhases = (
				41E216EA1E7E70D100F8FB10 /* Sources */,
				41E216EB1E7E70D100F8FB10 /* Frameworks */,
				41E216EC1E7E70D100F8FB10 /* Resources */,
			);
			buildRules = (
			);
			dependencies = (
				41E216F01E7E70D100F8FB10 /* PBXTargetDependency */,
			);
			name = YorumlaUITests;
			productName = YorumlaUITests;
			productReference = 41E216EE1E7E70D100F8FB10 /* YorumlaUITests.xctest */;
			productType = "com.apple.product-type.bundle.ui-testing";
		};
/* End PBXNativeTarget section */

/* Begin PBXProject section */
		41E216C71E7E70D100F8FB10 /* Project object */ = {
			isa = PBXProject;
			attributes = {
				LastSwiftUpdateCheck = 0820;
				LastUpgradeCheck = 0820;
				ORGANIZATIONNAME = Ali;
				TargetAttributes = {
					41E216CE1E7E70D100F8FB10 = {
						CreatedOnToolsVersion = 8.2.1;
						ProvisioningStyle = Automatic;
					};
					41E216E21E7E70D100F8FB10 = {
						CreatedOnToolsVersion = 8.2.1;
						ProvisioningStyle = Automatic;
						TestTargetID = 41E216CE1E7E70D100F8FB10;
					};
					41E216ED1E7E70D100F8FB10 = {
						CreatedOnToolsVersion = 8.2.1;
						ProvisioningStyle = Automatic;
						TestTargetID = 41E216CE1E7E70D100F8FB10;
					};
				};
			};
			buildConfigurationList = 41E216CA1E7E70D100F8FB10 /* Build configuration list for PBXProject "Yorumla" */;
			compatibilityVersion = "Xcode 3.2";
			developmentRegion = English;
			hasScannedForEncodings = 0;
			knownRegions = (
				en,
				Base,
			);
			mainGroup = 41E216C61E7E70D100F8FB10;
			productRefGroup = 41E216D01E7E70D100F8FB10 /* Products */;
			projectDirPath = "";
			projectRoot = "";
			targets = (
				41E216CE1E7E70D100F8FB10 /* Yorumla */,
				41E216E21E7E70D100F8FB10 /* YorumlaTests */,
				41E216ED1E7E70D100F8FB10 /* YorumlaUITests */,
			);
		};
/* End PBXProject section */

/* Begin PBXResourcesBuildPhase section */
		41E216CD1E7E70D100F8FB10 /* Resources */ = {
			isa = PBXResourcesBuildPhase;
			buildActionMask = 2147483647;
			files = (
				41E216DD1E7E70D100F8FB10 /* LaunchScreen.storyboard in Resources */,
				41E216DA1E7E70D100F8FB10 /* Assets.xcassets in Resources */,
				41E216D81E7E70D100F8FB10 /* Main.storyboard in Resources */,
			);
			runOnlyForDeploymentPostprocessing = 0;
		};
		41E216E11E7E70D100F8FB10 /* Resources */ = {
			isa = PBXResourcesBuildPhase;
			buildActionMask = 2147483647;
			files = (
			);
			runOnlyForDeploymentPostprocessing = 0;
		};
		41E216EC1E7E70D100F8FB10 /* Resources */ = {
			isa = PBXResourcesBuildPhase;
			buildActionMask = 2147483647;
			files = (
			);
			runOnlyForDeploymentPostprocessing = 0;
		};
/* End PBXResourcesBuildPhase section */

/* Begin PBXSourcesBuildPhase section */
		41E216CB1E7E70D100F8FB10 /* Sources */ = {
			isa = PBXSourcesBuildPhase;
			buildActionMask = 2147483647;
			files = (
				41E216D51E7E70D100F8FB10 /* ViewController.swift in Sources */,
				41E216D31E7E70D100F8FB10 /* AppDelegate.swift in Sources */,
			);
			runOnlyForDeploymentPostprocessing = 0;
		};
		41E216DF1E7E70D100F8FB10 /* Sources */ = {
			isa = PBXSourcesBuildPhase;
			buildActionMask = 2147483647;
			files = (
				41E216E81E7E70D100F8FB10 /* YorumlaTests.swift in Sources */,
			);
			runOnlyForDeploymentPostprocessing = 0;
		};
		41E216EA1E7E70D100F8FB10 /* Sources */ = {
			isa = PBXSourcesBuildPhase;
			buildActionMask = 2147483647;
			files = (
				41E216F31E7E70D100F8FB10 /* YorumlaUITests.swift in Sources */,
			);
			runOnlyForDeploymentPostprocessing = 0;
		};
/* End PBXSourcesBuildPhase section */

/* Begin PBXTargetDependency section */
		41E216E51E7E70D100F8FB10 /* PBXTargetDependency */ = {
			isa = PBXTargetDependency;
			target = 41E216CE1E7E70D100F8FB10 /* Yorumla */;
			targetProxy = 41E216E41E7E70D100F8FB10 /* PBXContainerItemProxy */;
		};
		41E216F01E7E70D100F8FB10 /* PBXTargetDependency */ = {
			isa = PBXTargetDependency;
			target = 41E216CE1E7E70D100F8FB10 /* Yorumla */;
			targetProxy = 41E216EF1E7E70D100F8FB10 /* PBXContainerItemProxy */;
		};
/* End PBXTargetDependency section */

/* Begin PBXVariantGroup section */
		41E216D61E7E70D100F8FB10 /* Main.storyboard */ = {
			isa = PBXVariantGroup;
			children = (
				41E216D71E7E70D100F8FB10 /* Base */,
			);
			name = Main.storyboard;
			sourceTree = "<group>";
		};
		41E216DB1E7E70D100F8FB10 /* LaunchScreen.storyboard */ = {
			isa = PBXVariantGroup;
			children = (
				41E216DC1E7E70D100F8FB10 /* Base */,
			);
			name = LaunchScreen.storyboard;
			sourceTree = "<group>";
		};
/* End PBXVariantGroup section */

/* Begin XCBuildConfiguration section */
		41E216F51E7E70D100F8FB10 /* Debug */ = {
			isa = XCBuildConfiguration;
			buildSettings = {
				ALWAYS_SEARCH_USER_PATHS = NO;
				CLANG_ANALYZER_NONNULL = YES;
				CLANG_CXX_LANGUAGE_STANDARD = "gnu++0x";
				CLANG_CXX_LIBRARY = "libc++";
				CLANG_ENABLE_MODULES = YES;
				CLANG_ENABLE_OBJC_ARC = YES;
				CLANG_WARN_BOOL_CONVERSION = YES;
				CLANG_WARN_CONSTANT_CONVERSION = YES;
				CLANG_WARN_DIRECT_OBJC_ISA_USAGE = YES_ERROR;
				CLANG_WARN_DOCUMENTATION_COMMENTS = YES;
				CLANG_WARN_EMPTY_BODY = YES;
				CLANG_WARN_ENUM_CONVERSION = YES;
				CLANG_WARN_INFINITE_RECURSION = YES;
				CLANG_WARN_INT_CONVERSION = YES;
				CLANG_WARN_OBJC_ROOT_CLASS = YES_ERROR;
				CLANG_WARN_SUSPICIOUS_MOVE = YES;
				CLANG_WARN_UNREACHABLE_CODE = YES;
				CLANG_WARN__DUPLICATE_METHOD_MATCH = YES;
				"CODE_SIGN_IDENTITY[sdk=iphoneos*]" = "iPhone Developer";
				COPY_PHASE_STRIP = NO;
				DEBUG_INFORMATION_FORMAT = dwarf;
				ENABLE_STRICT_OBJC_MSGSEND = YES;
				ENABLE_TESTABILITY = YES;
				GCC_C_LANGUAGE_STANDARD = gnu99;
				GCC_DYNAMIC_NO_PIC = NO;
				GCC_NO_COMMON_BLOCKS = YES;
				GCC_OPTIMIZATION_LEVEL = 0;
				GCC_PREPROCESSOR_DEFINITIONS = (
					"DEBUG=1",
					"$(inherited)",
				);
				GCC_WARN_64_TO_32_BIT_CONVERSION = YES;
				GCC_WARN_ABOUT_RETURN_TYPE = YES_ERROR;
				GCC_WARN_UNDECLARED_SELECTOR = YES;
				GCC_WARN_UNINITIALIZED_AUTOS = YES_AGGRESSIVE;
				GCC_WARN_UNUSED_FUNCTION = YES;
				GCC_WARN_UNUSED_VARIABLE = YES;
				IPHONEOS_DEPLOYMENT_TARGET = 10.2;
				MTL_ENABLE_DEBUG_INFO = YES;
				ONLY_ACTIVE_ARCH = YES;
				SDKROOT = iphoneos;
				SWIFT_ACTIVE_COMPILATION_CONDITIONS = DEBUG;
				SWIFT_OPTIMIZATION_LEVEL = "-Onone";
				TARGETED_DEVICE_FAMILY = "1,2";
			};
			name = Debug;
		};
		41E216F61E7E70D100F8FB10 /* Release */ = {
			isa = XCBuildConfiguration;
			buildSettings = {
				ALWAYS_SEARCH_USER_PATHS = NO;
				CLANG_ANALYZER_NONNULL = YES;
				CLANG_CXX_LANGUAGE_STANDARD = "gnu++0x";
				CLANG_CXX_LIBRARY = "libc++";
				CLANG_ENABLE_MODULES = YES;
				CLANG_ENABLE_OBJC_ARC = YES;
				CLANG_WARN_BOOL_CONVERSION = YES;
				CLANG_WARN_CONSTANT_CONVERSION = YES;
				CLANG_WARN_DIRECT_OBJC_ISA_USAGE = YES_ERROR;
				CLANG_WARN_DOCUMENTATION_COMMENTS = YES;
				CLANG_WARN_EMPTY_BODY = YES;
				CLANG_WARN_ENUM_CONVERSION = YES;
				CLANG_WARN_INFINITE_RECURSION = YES;
				CLANG_WARN_INT_CONVERSION = YES;
				CLANG_WARN_OBJC_ROOT_CLASS = YES_ERROR;
				CLANG_WARN_SUSPICIOUS_MOVE = YES;
				CLANG_WARN_UNREACHABLE_CODE = YES;
				CLANG_WARN__DUPLICATE_METHOD_MATCH = YES;
				"CODE_SIGN_IDENTITY[sdk=iphoneos*]" = "iPhone Developer";
				COPY_PHASE_STRIP = NO;
				DEBUG_INFORMATION_FORMAT = "dwarf-with-dsym";
				ENABLE_NS_ASSERTIONS = NO;
				ENABLE_STRICT_OBJC_MSGSEND = YES;
				GCC_C_LANGUAGE_STANDARD = gnu99;
				GCC_NO_COMMON_BLOCKS = YES;
				GCC_WARN_64_TO_32_BIT_CONVERSION = YES;
				GCC_WARN_ABOUT_RETURN_TYPE = YES_ERROR;
				GCC_WARN_UNDECLARED_SELECTOR = YES;
				GCC_WARN_UNINITIALIZED_AUTOS = YES_AGGRESSIVE;
				GCC_WARN_UNUSED_FUNCTION = YES;
				GCC_WARN_UNUSED_VARIABLE = YES;
				IPHONEOS_DEPLOYMENT_TARGET = 10.2;
				MTL_ENABLE_DEBUG_INFO = NO;
				SDKROOT = iphoneos;
				SWIFT_OPTIMIZATION_LEVEL = "-Owholemodule";
				TARGETED_DEVICE_FAMILY = "1,2";
				VALIDATE_PRODUCT = YES;
			};
			name = Release;
		};
		41E216F81E7E70D100F8FB10 /* Debug */ = {
			isa = XCBuildConfiguration;
			buildSettings = {
				ASSETCATALOG_COMPILER_APPICON_NAME = AppIcon;
				INFOPLIST_FILE = Yorumla/Info.plist;
				LD_RUNPATH_SEARCH_PATHS = "$(inherited) @executable_path/Frameworks";
				PRODUCT_BUNDLE_IDENTIFIER = alitasci.net.Yorumla;
				PRODUCT_NAME = "$(TARGET_NAME)";
				SWIFT_VERSION = 3.0;
			};
			name = Debug;
		};
		41E216F91E7E70D100F8FB10 /* Release */ = {
			isa = XCBuildConfiguration;
			buildSettings = {
				ASSETCATALOG_COMPILER_APPICON_NAME = AppIcon;
				INFOPLIST_FILE = Yorumla/Info.plist;
				LD_RUNPATH_SEARCH_PATHS = "$(inherited) @executable_path/Frameworks";
				PRODUCT_BUNDLE_IDENTIFIER = alitasci.net.Yorumla;
				PRODUCT_NAME = "$(TARGET_NAME)";
				SWIFT_VERSION = 3.0;
			};
			name = Release;
		};
		41E216FB1E7E70D100F8FB10 /* Debug */ = {
			isa = XCBuildConfiguration;
			buildSettings = {
				ALWAYS_EMBED_SWIFT_STANDARD_LIBRARIES = YES;
				BUNDLE_LOADER = "$(TEST_HOST)";
				INFOPLIST_FILE = YorumlaTests/Info.plist;
				LD_RUNPATH_SEARCH_PATHS = "$(inherited) @executable_path/Frameworks @loader_path/Frameworks";
				PRODUCT_BUNDLE_IDENTIFIER = alitasci.net.YorumlaTests;
				PRODUCT_NAME = "$(TARGET_NAME)";
				SWIFT_VERSION = 3.0;
				TEST_HOST = "$(BUILT_PRODUCTS_DIR)/Yorumla.app/Yorumla";
			};
			name = Debug;
		};
		41E216FC1E7E70D100F8FB10 /* Release */ = {
			isa = XCBuildConfiguration;
			buildSettings = {
				ALWAYS_EMBED_SWIFT_STANDARD_LIBRARIES = YES;
				BUNDLE_LOADER = "$(TEST_HOST)";
				INFOPLIST_FILE = YorumlaTests/Info.plist;
				LD_RUNPATH_SEARCH_PATHS = "$(inherited) @executable_path/Frameworks @loader_path/Frameworks";
				PRODUCT_BUNDLE_IDENTIFIER = alitasci.net.YorumlaTests;
				PRODUCT_NAME = "$(TARGET_NAME)";
				SWIFT_VERSION = 3.0;
				TEST_HOST = "$(BUILT_PRODUCTS_DIR)/Yorumla.app/Yorumla";
			};
			name = Release;
		};
		41E216FE1E7E70D100F8FB10 /* Debug */ = {
			isa = XCBuildConfiguration;
			buildSettings = {
				ALWAYS_EMBED_SWIFT_STANDARD_LIBRARIES = YES;
				INFOPLIST_FILE = YorumlaUITests/Info.plist;
				LD_RUNPATH_SEARCH_PATHS = "$(inherited) @executable_path/Frameworks @loader_path/Frameworks";
				PRODUCT_BUNDLE_IDENTIFIER = alitasci.net.YorumlaUITests;
				PRODUCT_NAME = "$(TARGET_NAME)";
				SWIFT_VERSION = 3.0;
				TEST_TARGET_NAME = Yorumla;
			};
			name = Debug;
		};
		41E216FF1E7E70D100F8FB10 /* Release */ = {
			isa = XCBuildConfiguration;
			buildSettings = {
				ALWAYS_EMBED_SWIFT_STANDARD_LIBRARIES = YES;
				INFOPLIST_FILE = YorumlaUITests/Info.plist;
				LD_RUNPATH_SEARCH_PATHS = "$(inherited) @executable_path/Frameworks @loader_path/Frameworks";
				PRODUCT_BUNDLE_IDENTIFIER = alitasci.net.YorumlaUITests;
				PRODUCT_NAME = "$(TARGET_NAME)";
				SWIFT_VERSION = 3.0;
				TEST_TARGET_NAME = Yorumla;
			};
			name = Release;
		};
/* End XCBuildConfiguration section */

/* Begin XCConfigurationList section */
		41E216CA1E7E70D100F8FB10 /* Build configuration list for PBXProject "Yorumla" */ = {
			isa = XCConfigurationList;
			buildConfigurations = (
				41E216F51E7E70D100F8FB10 /* Debug */,
				41E216F61E7E70D100F8FB10 /* Release */,
			);
			defaultConfigurationIsVisible = 0;
			defaultConfigurationName = Release;
		};
		41E216F71E7E70D100F8FB10 /* Build configuration list for PBXNativeTarget "Yorumla" */ = {
			isa = XCConfigurationList;
			buildConfigurations = (
				41E216F81E7E70D100F8FB10 /* Debug */,
				41E216F91E7E70D100F8FB10 /* Release */,
			);
			defaultConfigurationIsVisible = 0;
		};
		41E216FA1E7E70D100F8FB10 /* Build configuration list for PBXNativeTarget "YorumlaTests" */ = {
			isa = XCConfigurationList;
			buildConfigurations = (
				41E216FB1E7E70D100F8FB10 /* Debug */,
				41E216FC1E7E70D100F8FB10 /* Release */,
			);
			defaultConfigurationIsVisible = 0;
		};
		41E216FD1E7E70D100F8FB10 /* Build configuration list for PBXNativeTarget "YorumlaUITests" */ = {
			isa = XCConfigurationList;
			buildConfigurations = (
				41E216FE1E7E70D100F8FB10 /* Debug */,
				41E216FF1E7E70D100F8FB10 /* Release */,
			);
			defaultConfigurationIsVisible = 0;
		};
/* End XCConfigurationList section */
	};
	rootObject = 41E216C71E7E70D100F8FB10 /* Project object */;
}
